
Microsoft Visual Studio Solution File, Format Version 12.00
# Visual Studio 15
VisualStudioVersion = 15.0.27428.2015
MinimumVisualStudioVersion = 10.0.40219.1
Project("{FAE04EC0-301F-11D3-BF4B-00C04F79EFBC}") = "Events.Web", "Events.Web\Events.Web.csproj", "{0BA17B58-5785-4133-AF89-D382F823FC59}"
EndProject
Project("{FAE04EC0-301F-11D3-BF4B-00C04F79EFBC}") = "Event.Data", "Event.Data\Event.Data.csproj", "{CEBBA012-F179-4AF5-ABD4-5F06B4634D8D}"
EndProject
Global
	GlobalSection(SolutionConfigurationPlatforms) = preSolution
		Debug|Any CPU = Debug|Any CPU
		Release|Any CPU = Release|Any CPU
	EndGlobalSection
	GlobalSection(ProjectConfigurationPlatforms) = postSolution
		{0BA17B58-5785-4133-AF89-D382F823FC59}.Debug|Any CPU.ActiveCfg = Debug|Any CPU
		{0BA17B58-5785-4133-AF89-D382F823FC59}.Debug|Any CPU.Build.0 = Debug|Any CPU
		{0BA17B58-5785-4133-AF89-D382F823FC59}.Release|Any CPU.ActiveCfg = Release|Any CPU
		{0BA17B58-5785-4133-AF89-D382F823FC59}.Release|Any CPU.Build.0 = Release|Any CPU
		{CEBBA012-F179-4AF5-ABD4-5F06B4634D8D}.Debug|Any CPU.ActiveCfg = Debug|Any CPU
		{CEBBA012-F179-4AF5-ABD4-5F06B4634D8D}.Debug|Any CPU.Build.0 = Debug|Any CPU
		{CEBBA012-F179-4AF5-ABD4-5F06B4634D8D}.Release|Any CPU.ActiveCfg = Release|Any CPU
		{CEBBA012-F179-4AF5-ABD4-5F06B4634D8D}.Release|Any CPU.Build.0 = Release|Any CPU
	EndGlobalSection
	GlobalSection(SolutionProperties) = preSolution
		HideSolutionNode = FALSE
	EndGlobalSection
	GlobalSection(ExtensibilityGlobals) = postSolution
		SolutionGuid = {81B717A8-C4EA-4C94-8202-6200B28C05BA}
	EndGlobalSection
EndGlobal
